
Microsoft Visual Studio Solution File, Format Version 12.00
# Visual Studio Version 17
VisualStudioVersion = 17.9.34902.65
MinimumVisualStudioVersion = 10.0.40219.1
Project("{FAE04EC0-301F-11D3-BF4B-00C04F79EFBC}") = "THE BAT-CALCULATOR", "THE BAT-CALCULATOR\THE BAT-CALCULATOR.csproj", "{21DADB1B-C1CB-46DC-AD63-6A938DA68872}"
EndProject
Global
	GlobalSection(SolutionConfigurationPlatforms) = preSolution
		Debug|Any CPU = Debug|Any CPU
		Release|Any CPU = Release|Any CPU
	EndGlobalSection
	GlobalSection(ProjectConfigurationPlatforms) = postSolution
		{21DADB1B-C1CB-46DC-AD63-6A938DA68872}.Debug|Any CPU.ActiveCfg = Debug|Any CPU
		{21DADB1B-C1CB-46DC-AD63-6A938DA68872}.Debug|Any CPU.Build.0 = Debug|Any CPU
		{21DADB1B-C1CB-46DC-AD63-6A938DA68872}.Release|Any CPU.ActiveCfg = Release|Any CPU
		{21DADB1B-C1CB-46DC-AD63-6A938DA68872}.Release|Any CPU.Build.0 = Release|Any CPU
	EndGlobalSection
	GlobalSection(SolutionProperties) = preSolution
		HideSolutionNode = FALSE
	EndGlobalSection
	GlobalSection(ExtensibilityGlobals) = postSolution
		SolutionGuid = {C057E925-9D37-4D67-8E80-041218AD39C3}
	EndGlobalSection
EndGlobal
